
Microsoft Visual Studio Solution File, Format Version 12.00
# Visual Studio 15
VisualStudioVersion = 15.0.27130.2027
MinimumVisualStudioVersion = 10.0.40219.1
Project("{9A19103F-16F7-4668-BE54-9A1E7A4F7556}") = "PoC_RulesEngine_Core", "PoC_RulesEngine_Core\PoC_RulesEngine_Core.csproj", "{1A5B0224-05E4-4EE6-BE35-8BCF8E2CFC75}"
EndProject
Project("{9A19103F-16F7-4668-BE54-9A1E7A4F7556}") = "RulesEngine", "RulesEngine\RulesEngine.csproj", "{8CC70DE7-DFEE-4870-AA8D-07B56CCE5424}"
EndProject
Project("{9A19103F-16F7-4668-BE54-9A1E7A4F7556}") = "UnitTestRulesEngine", "UnitTestRulesEngine\UnitTestRulesEngine.csproj", "{15F6A77D-5922-4E7F-AFE3-BFE5DADE105F}"
EndProject
Project("{00D1A9C2-B5F0-4AF3-8072-F6C62B433612}") = "dbRuleEngine", "dbRuleEngine\dbRuleEngine.sqlproj", "{BF91C126-211E-4E1E-8420-29646F890214}"
EndProject
Project("{F088123C-0E9E-452A-89E6-6BA2F21D5CAC}") = "DependencyValidation", "DependencyValidation\DependencyValidation.modelproj", "{33D9FF07-0F7F-493A-9D32-E2F4D16B1DC0}"
EndProject
Project("{FAE04EC0-301F-11D3-BF4B-00C04F79EFBC}") = "DAL_Engine", "DAL_Engine\DAL_Engine.csproj", "{4193171F-8180-47FF-B332-1BFB277C091C}"
EndProject
Global
	GlobalSection(SolutionConfigurationPlatforms) = preSolution
		Debug|Any CPU = Debug|Any CPU
		Release|Any CPU = Release|Any CPU
	EndGlobalSection
	GlobalSection(ProjectConfigurationPlatforms) = postSolution
		{1A5B0224-05E4-4EE6-BE35-8BCF8E2CFC75}.Debug|Any CPU.ActiveCfg = Debug|Any CPU
		{1A5B0224-05E4-4EE6-BE35-8BCF8E2CFC75}.Debug|Any CPU.Build.0 = Debug|Any CPU
		{1A5B0224-05E4-4EE6-BE35-8BCF8E2CFC75}.Release|Any CPU.ActiveCfg = Release|Any CPU
		{1A5B0224-05E4-4EE6-BE35-8BCF8E2CFC75}.Release|Any CPU.Build.0 = Release|Any CPU
		{8CC70DE7-DFEE-4870-AA8D-07B56CCE5424}.Debug|Any CPU.ActiveCfg = Debug|Any CPU
		{8CC70DE7-DFEE-4870-AA8D-07B56CCE5424}.Debug|Any CPU.Build.0 = Debug|Any CPU
		{8CC70DE7-DFEE-4870-AA8D-07B56CCE5424}.Release|Any CPU.ActiveCfg = Release|Any CPU
		{8CC70DE7-DFEE-4870-AA8D-07B56CCE5424}.Release|Any CPU.Build.0 = Release|Any CPU
		{15F6A77D-5922-4E7F-AFE3-BFE5DADE105F}.Debug|Any CPU.ActiveCfg = Debug|Any CPU
		{15F6A77D-5922-4E7F-AFE3-BFE5DADE105F}.Debug|Any CPU.Build.0 = Debug|Any CPU
		{15F6A77D-5922-4E7F-AFE3-BFE5DADE105F}.Release|Any CPU.ActiveCfg = Release|Any CPU
		{15F6A77D-5922-4E7F-AFE3-BFE5DADE105F}.Release|Any CPU.Build.0 = Release|Any CPU
		{BF91C126-211E-4E1E-8420-29646F890214}.Debug|Any CPU.ActiveCfg = Debug|Any CPU
		{BF91C126-211E-4E1E-8420-29646F890214}.Debug|Any CPU.Build.0 = Debug|Any CPU
		{BF91C126-211E-4E1E-8420-29646F890214}.Debug|Any CPU.Deploy.0 = Debug|Any CPU
		{BF91C126-211E-4E1E-8420-29646F890214}.Release|Any CPU.ActiveCfg = Release|Any CPU
		{BF91C126-211E-4E1E-8420-29646F890214}.Release|Any CPU.Build.0 = Release|Any CPU
		{BF91C126-211E-4E1E-8420-29646F890214}.Release|Any CPU.Deploy.0 = Release|Any CPU
		{33D9FF07-0F7F-493A-9D32-E2F4D16B1DC0}.Debug|Any CPU.ActiveCfg = Debug|Any CPU
		{33D9FF07-0F7F-493A-9D32-E2F4D16B1DC0}.Debug|Any CPU.Build.0 = Debug|Any CPU
		{33D9FF07-0F7F-493A-9D32-E2F4D16B1DC0}.Release|Any CPU.ActiveCfg = Release|Any CPU
		{33D9FF07-0F7F-493A-9D32-E2F4D16B1DC0}.Release|Any CPU.Build.0 = Release|Any CPU
		{4193171F-8180-47FF-B332-1BFB277C091C}.Debug|Any CPU.ActiveCfg = Debug|Any CPU
		{4193171F-8180-47FF-B332-1BFB277C091C}.Debug|Any CPU.Build.0 = Debug|Any CPU
		{4193171F-8180-47FF-B332-1BFB277C091C}.Release|Any CPU.ActiveCfg = Release|Any CPU
		{4193171F-8180-47FF-B332-1BFB277C091C}.Release|Any CPU.Build.0 = Release|Any CPU
	EndGlobalSection
	GlobalSection(SolutionProperties) = preSolution
		HideSolutionNode = FALSE
	EndGlobalSection
	GlobalSection(ExtensibilityGlobals) = postSolution
		SolutionGuid = {6B5A8648-0ECD-40F2-8F64-AAE2FF0CD2D1}
	EndGlobalSection
EndGlobal
